// !$*UTF8*$!
{
	archiveVersion = 1;
	classes = {
	};
	objectVersion = 46;
	objects = {

/* Begin PBXBuildFile section */
		C16D876D1F28C2EE004AA596 /* AppDelegate.swift in Sources */ = {isa = PBXBuildFile; fileRef = C16D876C1F28C2EE004AA596 /* AppDelegate.swift */; };
		C16D876F1F28C2EE004AA596 /* ViewController.swift in Sources */ = {isa = PBXBuildFile; fileRef = C16D876E1F28C2EE004AA596 /* ViewController.swift */; };
		C16D87711F28C2EE004AA596 /* Assets.xcassets in Resources */ = {isa = PBXBuildFile; fileRef = C16D87701F28C2EE004AA596 /* Assets.xcassets */; };
		C16D87741F28C2EE004AA596 /* Main.storyboard in Resources */ = {isa = PBXBuildFile; fileRef = C16D87721F28C2EE004AA596 /* Main.storyboard */; };
		C16D877C1F28C31C004AA596 /* AdjustableTextField.swift in Sources */ = {isa = PBXBuildFile; fileRef = C16D877B1F28C31C004AA596 /* AdjustableTextField.swift */; };
/* End PBXBuildFile section */

/* Begin PBXFileReference section */
		C16D87691F28C2EE004AA596 /* AdjustableTextField.app */ = {isa = PBXFileReference; explicitFileType = wrapper.application; includeInIndex = 0; path = AdjustableTextField.app; sourceTree = BUILT_PRODUCTS_DIR; };
		C16D876C1F28C2EE004AA596 /* AppDelegate.swift */ = {isa = PBXFileReference; lastKnownFileType = sourcecode.swift; path = AppDelegate.swift; sourceTree = "<group>"; };
		C16D876E1F28C2EE004AA596 /* ViewController.swift */ = {isa = PBXFileReference; lastKnownFileType = sourcecode.swift; path = ViewController.swift; sourceTree = "<group>"; };
		C16D87701F28C2EE004AA596 /* Assets.xcassets */ = {isa = PBXFileReference; lastKnownFileType = folder.assetcatalog; path = Assets.xcassets; sourceTree = "<group>"; };
		C16D87731F28C2EE004AA596 /* Base */ = {isa = PBXFileReference; lastKnownFileType = file.storyboard; name = Base; path = Base.lproj/Main.storyboard; sourceTree = "<group>"; };
		C16D87751F28C2EE004AA596 /* Info.plist */ = {isa = PBXFileReference; lastKnownFileType = text.plist.xml; path = Info.plist; sourceTree = "<group>"; };
		C16D877B1F28C31C004AA596 /* AdjustableTextField.swift */ = {isa = PBXFileReference; fileEncoding = 4; lastKnownFileType = sourcecode.swift; path = AdjustableTextField.swift; sourceTree = "<group>"; };
/* End PBXFileReference section */

/* Begin PBXFrameworksBuildPhase section */
		C16D87661F28C2EE004AA596 /* Frameworks */ = {
			isa = PBXFrameworksBuildPhase;
			buildActionMask = 2147483647;
			files = (
			);
			runOnlyForDeploymentPostprocessing = 0;
		};
/* End PBXFrameworksBuildPhase section */

/* Begin PBXGroup section */
		C16D87601F28C2EE004AA596 = {
			isa = PBXGroup;
			children = (
				C16D876B1F28C2EE004AA596 /* AdjustableTextField */,
				C16D876A1F28C2EE004AA596 /* Products */,
			);
			sourceTree = "<group>";
		};
		C16D876A1F28C2EE004AA596 /* Products */ = {
			isa = PBXGroup;
			children = (
				C16D87691F28C2EE004AA596 /* AdjustableTextField.app */,
			);
			name = Products;
			sourceTree = "<group>";
		};
		C16D876B1F28C2EE004AA596 /* AdjustableTextField */ = {
			isa = PBXGroup;
			children = (
				C16D876C1F28C2EE004AA596 /* AppDelegate.swift */,
				C16D876E1F28C2EE004AA596 /* ViewController.swift */,
				C16D877B1F28C31C004AA596 /* AdjustableTextField.swift */,
				C16D87701F28C2EE004AA596 /* Assets.xcassets */,
				C16D87721F28C2EE004AA596 /* Main.storyboard */,
				C16D87751F28C2EE004AA596 /* Info.plist */,
			);
			path = AdjustableTextField;
			sourceTree = "<group>";
		};
/* End PBXGroup section */

/* Begin PBXNativeTarget section */
		C16D87681F28C2EE004AA596 /* AdjustableTextField */ = {
			isa = PBXNativeTarget;
			buildConfigurationList = C16D87781F28C2EE004AA596 /* Build configuration list for PBXNativeTarget "AdjustableTextField" */;
			buildPhases = (
				C16D87651F28C2EE004AA596 /* Sources */,
				C16D87661F28C2EE004AA596 /* Frameworks */,
				C16D87671F28C2EE004AA596 /* Resources */,
			);
			buildRules = (
			);
			dependencies = (
			);
			name = AdjustableTextField;
			productName = AdjustableTextField;
			productReference = C16D87691F28C2EE004AA596 /* AdjustableTextField.app */;
			productType = "com.apple.product-type.application";
		};
/* End PBXNativeTarget section */

/* Begin PBXProject section */
		C16D87611F28C2EE004AA596 /* Project object */ = {
			isa = PBXProject;
			attributes = {
				LastSwiftUpdateCheck = 0830;
				LastUpgradeCheck = 0830;
				ORGANIZATIONNAME = peteyP;
				TargetAttributes = {
					C16D87681F28C2EE004AA596 = {
						CreatedOnToolsVersion = 8.3.3;
						DevelopmentTeam = Q9TDRU73EZ;
						ProvisioningStyle = Automatic;
					};
				};
			};
			buildConfigurationList = C16D87641F28C2EE004AA596 /* Build configuration list for PBXProject "AdjustableTextField" */;
			compatibilityVersion = "Xcode 3.2";
			developmentRegion = English;
			hasScannedForEncodings = 0;
			knownRegions = (
				en,
				Base,
			);
			mainGroup = C16D87601F28C2EE004AA596;
			productRefGroup = C16D876A1F28C2EE004AA596 /* Products */;
			projectDirPath = "";
			projectRoot = "";
			targets = (
				C16D87681F28C2EE004AA596 /* AdjustableTextField */,
			);
		};
/* End PBXProject section */

/* Begin PBXResourcesBuildPhase section */
		C16D87671F28C2EE004AA596 /* Resources */ = {
			isa = PBXResourcesBuildPhase;
			buildActionMask = 2147483647;
			files = (
				C16D87711F28C2EE004AA596 /* Assets.xcassets in Resources */,
				C16D87741F28C2EE004AA596 /* Main.storyboard in Resources */,
			);
			runOnlyForDeploymentPostprocessing = 0;
		};
/* End PBXResourcesBuildPhase section */

/* Begin PBXSourcesBuildPhase section */
		C16D87651F28C2EE004AA596 /* Sources */ = {
			isa = PBXSourcesBuildPhase;
			buildActionMask = 2147483647;
			files = (
				C16D876F1F28C2EE004AA596 /* ViewController.swift in Sources */,
				C16D876D1F28C2EE004AA596 /* AppDelegate.swift in Sources */,
				C16D877C1F28C31C004AA596 /* AdjustableTextField.swift in Sources */,
			);
			runOnlyForDeploymentPostprocessing = 0;
		};
/* End PBXSourcesBuildPhase section */

/* Begin PBXVariantGroup section */
		C16D87721F28C2EE004AA596 /* Main.storyboard */ = {
			isa = PBXVariantGroup;
			children = (
				C16D87731F28C2EE004AA596 /* Base */,
			);
			name = Main.storyboard;
			sourceTree = "<group>";
		};
/* End PBXVariantGroup section */

/* Begin XCBuildConfiguration section */
		C16D87761F28C2EE004AA596 /* Debug */ = {
			isa = XCBuildConfiguration;
			buildSettings = {
				ALWAYS_SEARCH_USER_PATHS = NO;
				CLANG_ANALYZER_NONNULL = YES;
				CLANG_ANALYZER_NUMBER_OBJECT_CONVERSION = YES_AGGRESSIVE;
				CLANG_CXX_LANGUAGE_STANDARD = "gnu++0x";
				CLANG_CXX_LIBRARY = "libc++";
				CLANG_ENABLE_MODULES = YES;
				CLANG_ENABLE_OBJC_ARC = YES;
				CLANG_WARN_BOOL_CONVERSION = YES;
				CLANG_WARN_CONSTANT_CONVERSION = YES;
				CLANG_WARN_DIRECT_OBJC_ISA_USAGE = YES_ERROR;
				CLANG_WARN_DOCUMENTATION_COMMENTS = YES;
				CLANG_WARN_EMPTY_BODY = YES;
				CLANG_WARN_ENUM_CONVERSION = YES;
				CLANG_WARN_INFINITE_RECURSION = YES;
				CLANG_WARN_INT_CONVERSION = YES;
				CLANG_WARN_OBJC_ROOT_CLASS = YES_ERROR;
				CLANG_WARN_SUSPICIOUS_MOVE = YES;
				CLANG_WARN_UNREACHABLE_CODE = YES;
				CLANG_WARN__DUPLICATE_METHOD_MATCH = YES;
				CODE_SIGN_IDENTITY = "-";
				COPY_PHASE_STRIP = NO;
				DEBUG_INFORMATION_FORMAT = dwarf;
				ENABLE_STRICT_OBJC_MSGSEND = YES;
				ENABLE_TESTABILITY = YES;
				GCC_C_LANGUAGE_STANDARD = gnu99;
				GCC_DYNAMIC_NO_PIC = NO;
				GCC_NO_COMMON_BLOCKS = YES;
				GCC_OPTIMIZATION_LEVEL = 0;
				GCC_PREPROCESSOR_DEFINITIONS = (
					"DEBUG=1",
					"$(inherited)",
				);
				GCC_WARN_64_TO_32_BIT_CONVERSION = YES;
				GCC_WARN_ABOUT_RETURN_TYPE = YES_ERROR;
				GCC_WARN_UNDECLARED_SELECTOR = YES;
				GCC_WARN_UNINITIALIZED_AUTOS = YES_AGGRESSIVE;
				GCC_WARN_UNUSED_FUNCTION = YES;
				GCC_WARN_UNUSED_VARIABLE = YES;
				MACOSX_DEPLOYMENT_TARGET = 10.12;
				MTL_ENABLE_DEBUG_INFO = YES;
				ONLY_ACTIVE_ARCH = YES;
				SDKROOT = macosx;
				SWIFT_ACTIVE_COMPILATION_CONDITIONS = DEBUG;
				SWIFT_OPTIMIZATION_LEVEL = "-Onone";
			};
			name = Debug;
		};
		C16D87771F28C2EE004AA596 /* Release */ = {
			isa = XCBuildConfiguration;
			buildSettings = {
				ALWAYS_SEARCH_USER_PATHS = NO;
				CLANG_ANALYZER_NONNULL = YES;
				CLANG_ANALYZER_NUMBER_OBJECT_CONVERSION = YES_AGGRESSIVE;
				CLANG_CXX_LANGUAGE_STANDARD = "gnu++0x";
				CLANG_CXX_LIBRARY = "libc++";
				CLANG_ENABLE_MODULES = YES;
				CLANG_ENABLE_OBJC_ARC = YES;
				CLANG_WARN_BOOL_CONVERSION = YES;
				CLANG_WARN_CONSTANT_CONVERSION = YES;
				CLANG_WARN_DIRECT_OBJC_ISA_USAGE = YES_ERROR;
				CLANG_WARN_DOCUMENTATION_COMMENTS = YES;
				CLANG_WARN_EMPTY_BODY = YES;
				CLANG_WARN_ENUM_CONVERSION = YES;
				CLANG_WARN_INFINITE_RECURSION = YES;
				CLANG_WARN_INT_CONVERSION = YES;
				CLANG_WARN_OBJC_ROOT_CLASS = YES_ERROR;
				CLANG_WARN_SUSPICIOUS_MOVE = YES;
				CLANG_WARN_UNREACHABLE_CODE = YES;
				CLANG_WARN__DUPLICATE_METHOD_MATCH = YES;
				CODE_SIGN_IDENTITY = "-";
				COPY_PHASE_STRIP = NO;
				DEBUG_INFORMATION_FORMAT = "dwarf-with-dsym";
				ENABLE_NS_ASSERTIONS = NO;
				ENABLE_STRICT_OBJC_MSGSEND = YES;
				GCC_C_LANGUAGE_STANDARD = gnu99;
				GCC_NO_COMMON_BLOCKS = YES;
				GCC_WARN_64_TO_32_BIT_CONVERSION = YES;
				GCC_WARN_ABOUT_RETURN_TYPE = YES_ERROR;
				GCC_WARN_UNDECLARED_SELECTOR = YES;
				GCC_WARN_UNINITIALIZED_AUTOS = YES_AGGRESSIVE;
				GCC_WARN_UNUSED_FUNCTION = YES;
				GCC_WARN_UNUSED_VARIABLE = YES;
				MACOSX_DEPLOYMENT_TARGET = 10.12;
				MTL_ENABLE_DEBUG_INFO = NO;
				SDKROOT = macosx;
				SWIFT_OPTIMIZATION_LEVEL = "-Owholemodule";
			};
			name = Release;
		};
		C16D87791F28C2EE004AA596 /* Debug */ = {
			isa = XCBuildConfiguration;
			buildSettings = {
				ASSETCATALOG_COMPILER_APPICON_NAME = AppIcon;
				COMBINE_HIDPI_IMAGES = YES;
				DEVELOPMENT_TEAM = Q9TDRU73EZ;
				INFOPLIST_FILE = AdjustableTextField/Info.plist;
				LD_RUNPATH_SEARCH_PATHS = "$(inherited) @executable_path/../Frameworks";
				PRODUCT_BUNDLE_IDENTIFIER = com.peteyP.AdjustableTextField;
				PRODUCT_NAME = "$(TARGET_NAME)";
				SWIFT_VERSION = 3.0;
			};
			name = Debug;
		};
		C16D877A1F28C2EE004AA596 /* Release */ = {
			isa = XCBuildConfiguration;
			buildSettings = {
				ASSETCATALOG_COMPILER_APPICON_NAME = AppIcon;
				COMBINE_HIDPI_IMAGES = YES;
				DEVELOPMENT_TEAM = Q9TDRU73EZ;
				INFOPLIST_FILE = AdjustableTextField/Info.plist;
				LD_RUNPATH_SEARCH_PATHS = "$(inherited) @executable_path/../Frameworks";
				PRODUCT_BUNDLE_IDENTIFIER = com.peteyP.AdjustableTextField;
				PRODUCT_NAME = "$(TARGET_NAME)";
				SWIFT_VERSION = 3.0;
			};
			name = Release;
		};
/* End XCBuildConfiguration section */

/* Begin XCConfigurationList section */
		C16D87641F28C2EE004AA596 /* Build configuration list for PBXProject "AdjustableTextField" */ = {
			isa = XCConfigurationList;
			buildConfigurations = (
				C16D87761F28C2EE004AA596 /* Debug */,
				C16D87771F28C2EE004AA596 /* Release */,
			);
			defaultConfigurationIsVisible = 0;
			defaultConfigurationName = Release;
		};
		C16D87781F28C2EE004AA596 /* Build configuration list for PBXNativeTarget "AdjustableTextField" */ = {
			isa = XCConfigurationList;
			buildConfigurations = (
				C16D87791F28C2EE004AA596 /* Debug */,
				C16D877A1F28C2EE004AA596 /* Release */,
			);
			defaultConfigurationIsVisible = 0;
		};
/* End XCConfigurationList section */
	};
	rootObject = C16D87611F28C2EE004AA596 /* Project object */;
}
